
Microsoft Visual Studio Solution File, Format Version 12.00
# Visual Studio Version 17
VisualStudioVersion = 17.0.31912.275
MinimumVisualStudioVersion = 10.0.40219.1
Project("{8BC9CEB8-8B4A-11D0-8D11-00A0C91BC942}") = "Battleships", "Battleships.vcxproj", "{55EBBF65-CBBA-414A-A042-134C6855DC1B}"
EndProject
Global
	GlobalSection(SolutionConfigurationPlatforms) = preSolution
		Debug|x64 = Debug|x64
		Debug|x86 = Debug|x86
		Release|x64 = Release|x64
		Release|x86 = Release|x86
	EndGlobalSection
	GlobalSection(ProjectConfigurationPlatforms) = postSolution
		{55EBBF65-CBBA-414A-A042-134C6855DC1B}.Debug|x64.ActiveCfg = Debug|x64
		{55EBBF65-CBBA-414A-A042-134C6855DC1B}.Debug|x64.Build.0 = Debug|x64
		{55EBBF65-CBBA-414A-A042-134C6855DC1B}.Debug|x86.ActiveCfg = Debug|Win32
		{55EBBF65-CBBA-414A-A042-134C6855DC1B}.Debug|x86.Build.0 = Debug|Win32
		{55EBBF65-CBBA-414A-A042-134C6855DC1B}.Release|x64.ActiveCfg = Release|x64
		{55EBBF65-CBBA-414A-A042-134C6855DC1B}.Release|x64.Build.0 = Release|x64
		{55EBBF65-CBBA-414A-A042-134C6855DC1B}.Release|x86.ActiveCfg = Release|Win32
		{55EBBF65-CBBA-414A-A042-134C6855DC1B}.Release|x86.Build.0 = Release|Win32
	EndGlobalSection
	GlobalSection(SolutionProperties) = preSolution
		HideSolutionNode = FALSE
	EndGlobalSection
	GlobalSection(ExtensibilityGlobals) = postSolution
		SolutionGuid = {39CA5AB7-77EE-46B7-B63F-B5F3AE4ABA6D}
	EndGlobalSection
EndGlobal
