
Microsoft Visual Studio Solution File, Format Version 12.00
# Visual Studio Version 17
VisualStudioVersion = 17.2.32519.379
MinimumVisualStudioVersion = 10.0.40219.1
Project("{8BC9CEB8-8B4A-11D0-8D11-00A0C91BC942}") = "SO_WINAPI", "SO_WINAPI.vcxproj", "{D33CC666-791A-4DC4-A647-854D134FF7AA}"
EndProject
Global
	GlobalSection(SolutionConfigurationPlatforms) = preSolution
		Debug|x64 = Debug|x64
		Debug|x86 = Debug|x86
		Release|x64 = Release|x64
		Release|x86 = Release|x86
	EndGlobalSection
	GlobalSection(ProjectConfigurationPlatforms) = postSolution
		{D33CC666-791A-4DC4-A647-854D134FF7AA}.Debug|x64.ActiveCfg = Debug|x64
		{D33CC666-791A-4DC4-A647-854D134FF7AA}.Debug|x64.Build.0 = Debug|x64
		{D33CC666-791A-4DC4-A647-854D134FF7AA}.Debug|x86.ActiveCfg = Debug|Win32
		{D33CC666-791A-4DC4-A647-854D134FF7AA}.Debug|x86.Build.0 = Debug|Win32
		{D33CC666-791A-4DC4-A647-854D134FF7AA}.Release|x64.ActiveCfg = Release|x64
		{D33CC666-791A-4DC4-A647-854D134FF7AA}.Release|x64.Build.0 = Release|x64
		{D33CC666-791A-4DC4-A647-854D134FF7AA}.Release|x86.ActiveCfg = Release|Win32
		{D33CC666-791A-4DC4-A647-854D134FF7AA}.Release|x86.Build.0 = Release|Win32
	EndGlobalSection
	GlobalSection(SolutionProperties) = preSolution
		HideSolutionNode = FALSE
	EndGlobalSection
	GlobalSection(ExtensibilityGlobals) = postSolution
		SolutionGuid = {594489E3-86EA-43CF-9B0A-FD0077F94186}
	EndGlobalSection
EndGlobal
